
Microsoft Visual Studio Solution File, Format Version 12.00
# Visual Studio Version 17
VisualStudioVersion = 17.7.34031.279
MinimumVisualStudioVersion = 10.0.40219.1
Project("{FAE04EC0-301F-11D3-BF4B-00C04F79EFBC}") = "Find the odd int", "Find the odd int\Find the odd int.csproj", "{B1A95E7D-6962-4513-8C02-C2725B8C6869}"
EndProject
Project("{2150E333-8FDC-42A3-9474-1A3956D46DE8}") = "Solution Items", "Solution Items", "{39F97C20-3552-4DCC-8018-2C45B46D37C2}"
	ProjectSection(SolutionItems) = preProject
		Instructions.txt = Instructions.txt
	EndProjectSection
EndProject
Global
	GlobalSection(SolutionConfigurationPlatforms) = preSolution
		Debug|Any CPU = Debug|Any CPU
		Release|Any CPU = Release|Any CPU
	EndGlobalSection
	GlobalSection(ProjectConfigurationPlatforms) = postSolution
		{B1A95E7D-6962-4513-8C02-C2725B8C6869}.Debug|Any CPU.ActiveCfg = Debug|Any CPU
		{B1A95E7D-6962-4513-8C02-C2725B8C6869}.Debug|Any CPU.Build.0 = Debug|Any CPU
		{B1A95E7D-6962-4513-8C02-C2725B8C6869}.Release|Any CPU.ActiveCfg = Release|Any CPU
		{B1A95E7D-6962-4513-8C02-C2725B8C6869}.Release|Any CPU.Build.0 = Release|Any CPU
	EndGlobalSection
	GlobalSection(SolutionProperties) = preSolution
		HideSolutionNode = FALSE
	EndGlobalSection
	GlobalSection(ExtensibilityGlobals) = postSolution
		SolutionGuid = {41C7FAAD-543F-46DA-B819-66D6F5896E29}
	EndGlobalSection
EndGlobal
